// !$*UTF8*$!
{
	archiveVersion = 1;
	classes = {
	};
	objectVersion = 55;
	objects = {

/* Begin PBXBuildFile section */
		22127C2227E0EC970088F1CC /* SplashViewModel.swift in Sources */ = {isa = PBXBuildFile; fileRef = 22127C2127E0EC970088F1CC /* SplashViewModel.swift */; };
		22127C2827E11D000088F1CC /* Text().swift in Sources */ = {isa = PBXBuildFile; fileRef = 22127C2727E11D000088F1CC /* Text().swift */; };
		22127C2A27E11DC80088F1CC /* SignInViewModel.swift in Sources */ = {isa = PBXBuildFile; fileRef = 22127C2927E11DC80088F1CC /* SignInViewModel.swift */; };
		22127C2C27E133730088F1CC /* SplahsViewRouter.swift in Sources */ = {isa = PBXBuildFile; fileRef = 22127C2B27E133730088F1CC /* SplahsViewRouter.swift */; };
		808B866B27D9424200F6974C /* AppCursoTiagoApp.swift in Sources */ = {isa = PBXBuildFile; fileRef = 808B866A27D9424200F6974C /* AppCursoTiagoApp.swift */; };
		808B866F27D9424700F6974C /* Assets.xcassets in Resources */ = {isa = PBXBuildFile; fileRef = 808B866E27D9424700F6974C /* Assets.xcassets */; };
		808B867227D9424700F6974C /* Preview Assets.xcassets in Resources */ = {isa = PBXBuildFile; fileRef = 808B867127D9424700F6974C /* Preview Assets.xcassets */; };
		808B867C27D946C400F6974C /* SplashView.swift in Sources */ = {isa = PBXBuildFile; fileRef = 808B867B27D946C400F6974C /* SplashView.swift */; };
		808B867E27D95BF800F6974C /* SplashUIState.swift in Sources */ = {isa = PBXBuildFile; fileRef = 808B867D27D95BF800F6974C /* SplashUIState.swift */; };
/* End PBXBuildFile section */

/* Begin PBXFileReference section */
		22127C2127E0EC970088F1CC /* SplashViewModel.swift */ = {isa = PBXFileReference; lastKnownFileType = sourcecode.swift; path = SplashViewModel.swift; sourceTree = "<group>"; };
		22127C2727E11D000088F1CC /* Text().swift */ = {isa = PBXFileReference; lastKnownFileType = sourcecode.swift; path = "Text().swift"; sourceTree = "<group>"; };
		22127C2927E11DC80088F1CC /* SignInViewModel.swift */ = {isa = PBXFileReference; lastKnownFileType = sourcecode.swift; path = SignInViewModel.swift; sourceTree = "<group>"; };
		22127C2B27E133730088F1CC /* SplahsViewRouter.swift */ = {isa = PBXFileReference; lastKnownFileType = sourcecode.swift; path = SplahsViewRouter.swift; sourceTree = "<group>"; };
		808B866727D9424200F6974C /* AppCursoTiago.app */ = {isa = PBXFileReference; explicitFileType = wrapper.application; includeInIndex = 0; path = AppCursoTiago.app; sourceTree = BUILT_PRODUCTS_DIR; };
		808B866A27D9424200F6974C /* AppCursoTiagoApp.swift */ = {isa = PBXFileReference; lastKnownFileType = sourcecode.swift; path = AppCursoTiagoApp.swift; sourceTree = "<group>"; };
		808B866E27D9424700F6974C /* Assets.xcassets */ = {isa = PBXFileReference; lastKnownFileType = folder.assetcatalog; path = Assets.xcassets; sourceTree = "<group>"; };
		808B867127D9424700F6974C /* Preview Assets.xcassets */ = {isa = PBXFileReference; lastKnownFileType = folder.assetcatalog; path = "Preview Assets.xcassets"; sourceTree = "<group>"; };
		808B867B27D946C400F6974C /* SplashView.swift */ = {isa = PBXFileReference; lastKnownFileType = sourcecode.swift; path = SplashView.swift; sourceTree = "<group>"; wrapsLines = 0; };
		808B867D27D95BF800F6974C /* SplashUIState.swift */ = {isa = PBXFileReference; lastKnownFileType = sourcecode.swift; path = SplashUIState.swift; sourceTree = "<group>"; };
/* End PBXFileReference section */

/* Begin PBXFrameworksBuildPhase section */
		808B866427D9424200F6974C /* Frameworks */ = {
			isa = PBXFrameworksBuildPhase;
			buildActionMask = 2147483647;
			files = (
			);
			runOnlyForDeploymentPostprocessing = 0;
		};
/* End PBXFrameworksBuildPhase section */

/* Begin PBXGroup section */
		22127C2027E0EC780088F1CC /* ViewModel */ = {
			isa = PBXGroup;
			children = (
				22127C2127E0EC970088F1CC /* SplashViewModel.swift */,
				22127C2B27E133730088F1CC /* SplahsViewRouter.swift */,
			);
			path = ViewModel;
			sourceTree = "<group>";
		};
		22127C2327E116AF0088F1CC /* SignIn */ = {
			isa = PBXGroup;
			children = (
				22127C2427E116C20088F1CC /* View */,
				22127C2527E116C70088F1CC /* ViewModel */,
				22127C2627E116D40088F1CC /* Model */,
			);
			path = SignIn;
			sourceTree = "<group>";
		};
		22127C2427E116C20088F1CC /* View */ = {
			isa = PBXGroup;
			children = (
				22127C2727E11D000088F1CC /* Text().swift */,
			);
			path = View;
			sourceTree = "<group>";
		};
		22127C2527E116C70088F1CC /* ViewModel */ = {
			isa = PBXGroup;
			children = (
				22127C2927E11DC80088F1CC /* SignInViewModel.swift */,
			);
			path = ViewModel;
			sourceTree = "<group>";
		};
		22127C2627E116D40088F1CC /* Model */ = {
			isa = PBXGroup;
			children = (
			);
			path = Model;
			sourceTree = "<group>";
		};
		808B865E27D9424200F6974C = {
			isa = PBXGroup;
			children = (
				808B866927D9424200F6974C /* AppCursoTiago */,
				808B866827D9424200F6974C /* Products */,
			);
			sourceTree = "<group>";
		};
		808B866827D9424200F6974C /* Products */ = {
			isa = PBXGroup;
			children = (
				808B866727D9424200F6974C /* AppCursoTiago.app */,
			);
			name = Products;
			sourceTree = "<group>";
		};
		808B866927D9424200F6974C /* AppCursoTiago */ = {
			isa = PBXGroup;
			children = (
				22127C2327E116AF0088F1CC /* SignIn */,
				808B867827D9433600F6974C /* Splash */,
				808B866E27D9424700F6974C /* Assets.xcassets */,
				808B866A27D9424200F6974C /* AppCursoTiagoApp.swift */,
				808B867027D9424700F6974C /* Preview Content */,
			);
			path = AppCursoTiago;
			sourceTree = "<group>";
		};
		808B867027D9424700F6974C /* Preview Content */ = {
			isa = PBXGroup;
			children = (
				808B867127D9424700F6974C /* Preview Assets.xcassets */,
			);
			path = "Preview Content";
			sourceTree = "<group>";
		};
		808B867827D9433600F6974C /* Splash */ = {
			isa = PBXGroup;
			children = (
				22127C2027E0EC780088F1CC /* ViewModel */,
				808B867A27D9465400F6974C /* Model */,
				808B867927D9434100F6974C /* View */,
			);
			path = Splash;
			sourceTree = "<group>";
		};
		808B867927D9434100F6974C /* View */ = {
			isa = PBXGroup;
			children = (
				808B867B27D946C400F6974C /* SplashView.swift */,
			);
			path = View;
			sourceTree = "<group>";
		};
		808B867A27D9465400F6974C /* Model */ = {
			isa = PBXGroup;
			children = (
				808B867D27D95BF800F6974C /* SplashUIState.swift */,
			);
			path = Model;
			sourceTree = "<group>";
		};
/* End PBXGroup section */

/* Begin PBXNativeTarget section */
		808B866627D9424200F6974C /* AppCursoTiago */ = {
			isa = PBXNativeTarget;
			buildConfigurationList = 808B867527D9424700F6974C /* Build configuration list for PBXNativeTarget "AppCursoTiago" */;
			buildPhases = (
				808B866327D9424200F6974C /* Sources */,
				808B866427D9424200F6974C /* Frameworks */,
				808B866527D9424200F6974C /* Resources */,
			);
			buildRules = (
			);
			dependencies = (
			);
			name = AppCursoTiago;
			productName = AppCursoTiago;
			productReference = 808B866727D9424200F6974C /* AppCursoTiago.app */;
			productType = "com.apple.product-type.application";
		};
/* End PBXNativeTarget section */

/* Begin PBXProject section */
		808B865F27D9424200F6974C /* Project object */ = {
			isa = PBXProject;
			attributes = {
				BuildIndependentTargetsInParallel = 1;
				LastSwiftUpdateCheck = 1320;
				LastUpgradeCheck = 1320;
				TargetAttributes = {
					808B866627D9424200F6974C = {
						CreatedOnToolsVersion = 13.2.1;
					};
				};
			};
			buildConfigurationList = 808B866227D9424200F6974C /* Build configuration list for PBXProject "AppCursoTiago" */;
			compatibilityVersion = "Xcode 13.0";
			developmentRegion = en;
			hasScannedForEncodings = 0;
			knownRegions = (
				en,
				Base,
			);
			mainGroup = 808B865E27D9424200F6974C;
			productRefGroup = 808B866827D9424200F6974C /* Products */;
			projectDirPath = "";
			projectRoot = "";
			targets = (
				808B866627D9424200F6974C /* AppCursoTiago */,
			);
		};
/* End PBXProject section */

/* Begin PBXResourcesBuildPhase section */
		808B866527D9424200F6974C /* Resources */ = {
			isa = PBXResourcesBuildPhase;
			buildActionMask = 2147483647;
			files = (
				808B867227D9424700F6974C /* Preview Assets.xcassets in Resources */,
				808B866F27D9424700F6974C /* Assets.xcassets in Resources */,
			);
			runOnlyForDeploymentPostprocessing = 0;
		};
/* End PBXResourcesBuildPhase section */

/* Begin PBXSourcesBuildPhase section */
		808B866327D9424200F6974C /* Sources */ = {
			isa = PBXSourcesBuildPhase;
			buildActionMask = 2147483647;
			files = (
				808B867E27D95BF800F6974C /* SplashUIState.swift in Sources */,
				22127C2C27E133730088F1CC /* SplahsViewRouter.swift in Sources */,
				808B866B27D9424200F6974C /* AppCursoTiagoApp.swift in Sources */,
				22127C2A27E11DC80088F1CC /* SignInViewModel.swift in Sources */,
				22127C2827E11D000088F1CC /* Text().swift in Sources */,
				808B867C27D946C400F6974C /* SplashView.swift in Sources */,
				22127C2227E0EC970088F1CC /* SplashViewModel.swift in Sources */,
			);
			runOnlyForDeploymentPostprocessing = 0;
		};
/* End PBXSourcesBuildPhase section */

/* Begin XCBuildConfiguration section */
		808B867327D9424700F6974C /* Debug */ = {
			isa = XCBuildConfiguration;
			buildSettings = {
				ALWAYS_SEARCH_USER_PATHS = NO;
				CLANG_ANALYZER_NONNULL = YES;
				CLANG_ANALYZER_NUMBER_OBJECT_CONVERSION = YES_AGGRESSIVE;
				CLANG_CXX_LANGUAGE_STANDARD = "gnu++17";
				CLANG_CXX_LIBRARY = "libc++";
				CLANG_ENABLE_MODULES = YES;
				CLANG_ENABLE_OBJC_ARC = YES;
				CLANG_ENABLE_OBJC_WEAK = YES;
				CLANG_WARN_BLOCK_CAPTURE_AUTORELEASING = YES;
				CLANG_WARN_BOOL_CONVERSION = YES;
				CLANG_WARN_COMMA = YES;
				CLANG_WARN_CONSTANT_CONVERSION = YES;
				CLANG_WARN_DEPRECATED_OBJC_IMPLEMENTATIONS = YES;
				CLANG_WARN_DIRECT_OBJC_ISA_USAGE = YES_ERROR;
				CLANG_WARN_DOCUMENTATION_COMMENTS = YES;
				CLANG_WARN_EMPTY_BODY = YES;
				CLANG_WARN_ENUM_CONVERSION = YES;
				CLANG_WARN_INFINITE_RECURSION = YES;
				CLANG_WARN_INT_CONVERSION = YES;
				CLANG_WARN_NON_LITERAL_NULL_CONVERSION = YES;
				CLANG_WARN_OBJC_IMPLICIT_RETAIN_SELF = YES;
				CLANG_WARN_OBJC_LITERAL_CONVERSION = YES;
				CLANG_WARN_OBJC_ROOT_CLASS = YES_ERROR;
				CLANG_WARN_QUOTED_INCLUDE_IN_FRAMEWORK_HEADER = YES;
				CLANG_WARN_RANGE_LOOP_ANALYSIS = YES;
				CLANG_WARN_STRICT_PROTOTYPES = YES;
				CLANG_WARN_SUSPICIOUS_MOVE = YES;
				CLANG_WARN_UNGUARDED_AVAILABILITY = YES_AGGRESSIVE;
				CLANG_WARN_UNREACHABLE_CODE = YES;
				CLANG_WARN__DUPLICATE_METHOD_MATCH = YES;
				COPY_PHASE_STRIP = NO;
				DEBUG_INFORMATION_FORMAT = dwarf;
				ENABLE_STRICT_OBJC_MSGSEND = YES;
				ENABLE_TESTABILITY = YES;
				GCC_C_LANGUAGE_STANDARD = gnu11;
				GCC_DYNAMIC_NO_PIC = NO;
				GCC_NO_COMMON_BLOCKS = YES;
				GCC_OPTIMIZATION_LEVEL = 0;
				GCC_PREPROCESSOR_DEFINITIONS = (
					"DEBUG=1",
					"$(inherited)",
				);
				GCC_WARN_64_TO_32_BIT_CONVERSION = YES;
				GCC_WARN_ABOUT_RETURN_TYPE = YES_ERROR;
				GCC_WARN_UNDECLARED_SELECTOR = YES;
				GCC_WARN_UNINITIALIZED_AUTOS = YES_AGGRESSIVE;
				GCC_WARN_UNUSED_FUNCTION = YES;
				GCC_WARN_UNUSED_VARIABLE = YES;
				IPHONEOS_DEPLOYMENT_TARGET = 15.2;
				MTL_ENABLE_DEBUG_INFO = INCLUDE_SOURCE;
				MTL_FAST_MATH = YES;
				ONLY_ACTIVE_ARCH = YES;
				SDKROOT = iphoneos;
				SWIFT_ACTIVE_COMPILATION_CONDITIONS = DEBUG;
				SWIFT_OPTIMIZATION_LEVEL = "-Onone";
			};
			name = Debug;
		};
		808B867427D9424700F6974C /* Release */ = {
			isa = XCBuildConfiguration;
			buildSettings = {
				ALWAYS_SEARCH_USER_PATHS = NO;
				CLANG_ANALYZER_NONNULL = YES;
				CLANG_ANALYZER_NUMBER_OBJECT_CONVERSION = YES_AGGRESSIVE;
				CLANG_CXX_LANGUAGE_STANDARD = "gnu++17";
				CLANG_CXX_LIBRARY = "libc++";
				CLANG_ENABLE_MODULES = YES;
				CLANG_ENABLE_OBJC_ARC = YES;
				CLANG_ENABLE_OBJC_WEAK = YES;
				CLANG_WARN_BLOCK_CAPTURE_AUTORELEASING = YES;
				CLANG_WARN_BOOL_CONVERSION = YES;
				CLANG_WARN_COMMA = YES;
				CLANG_WARN_CONSTANT_CONVERSION = YES;
				CLANG_WARN_DEPRECATED_OBJC_IMPLEMENTATIONS = YES;
				CLANG_WARN_DIRECT_OBJC_ISA_USAGE = YES_ERROR;
				CLANG_WARN_DOCUMENTATION_COMMENTS = YES;
				CLANG_WARN_EMPTY_BODY = YES;
				CLANG_WARN_ENUM_CONVERSION = YES;
				CLANG_WARN_INFINITE_RECURSION = YES;
				CLANG_WARN_INT_CONVERSION = YES;
				CLANG_WARN_NON_LITERAL_NULL_CONVERSION = YES;
				CLANG_WARN_OBJC_IMPLICIT_RETAIN_SELF = YES;
				CLANG_WARN_OBJC_LITERAL_CONVERSION = YES;
				CLANG_WARN_OBJC_ROOT_CLASS = YES_ERROR;
				CLANG_WARN_QUOTED_INCLUDE_IN_FRAMEWORK_HEADER = YES;
				CLANG_WARN_RANGE_LOOP_ANALYSIS = YES;
				CLANG_WARN_STRICT_PROTOTYPES = YES;
				CLANG_WARN_SUSPICIOUS_MOVE = YES;
				CLANG_WARN_UNGUARDED_AVAILABILITY = YES_AGGRESSIVE;
				CLANG_WARN_UNREACHABLE_CODE = YES;
				CLANG_WARN__DUPLICATE_METHOD_MATCH = YES;
				COPY_PHASE_STRIP = NO;
				DEBUG_INFORMATION_FORMAT = "dwarf-with-dsym";
				ENABLE_NS_ASSERTIONS = NO;
				ENABLE_STRICT_OBJC_MSGSEND = YES;
				GCC_C_LANGUAGE_STANDARD = gnu11;
				GCC_NO_COMMON_BLOCKS = YES;
				GCC_WARN_64_TO_32_BIT_CONVERSION = YES;
				GCC_WARN_ABOUT_RETURN_TYPE = YES_ERROR;
				GCC_WARN_UNDECLARED_SELECTOR = YES;
				GCC_WARN_UNINITIALIZED_AUTOS = YES_AGGRESSIVE;
				GCC_WARN_UNUSED_FUNCTION = YES;
				GCC_WARN_UNUSED_VARIABLE = YES;
				IPHONEOS_DEPLOYMENT_TARGET = 15.2;
				MTL_ENABLE_DEBUG_INFO = NO;
				MTL_FAST_MATH = YES;
				SDKROOT = iphoneos;
				SWIFT_COMPILATION_MODE = wholemodule;
				SWIFT_OPTIMIZATION_LEVEL = "-O";
				VALIDATE_PRODUCT = YES;
			};
			name = Release;
		};
		808B867627D9424700F6974C /* Debug */ = {
			isa = XCBuildConfiguration;
			buildSettings = {
				ASSETCATALOG_COMPILER_APPICON_NAME = AppIcon;
				ASSETCATALOG_COMPILER_GLOBAL_ACCENT_COLOR_NAME = AccentColor;
				CODE_SIGN_STYLE = Automatic;
				CURRENT_PROJECT_VERSION = 1;
				DEVELOPMENT_ASSET_PATHS = "\"AppCursoTiago/Preview Content\"";
				ENABLE_PREVIEWS = YES;
				GENERATE_INFOPLIST_FILE = YES;
				INFOPLIST_KEY_UIApplicationSceneManifest_Generation = YES;
				INFOPLIST_KEY_UIApplicationSupportsIndirectInputEvents = YES;
				INFOPLIST_KEY_UILaunchScreen_Generation = YES;
				INFOPLIST_KEY_UISupportedInterfaceOrientations_iPad = "UIInterfaceOrientationPortrait UIInterfaceOrientationPortraitUpsideDown UIInterfaceOrientationLandscapeLeft UIInterfaceOrientationLandscapeRight";
				INFOPLIST_KEY_UISupportedInterfaceOrientations_iPhone = "UIInterfaceOrientationPortrait UIInterfaceOrientationLandscapeLeft UIInterfaceOrientationLandscapeRight";
				LD_RUNPATH_SEARCH_PATHS = (
					"$(inherited)",
					"@executable_path/Frameworks",
				);
				MARKETING_VERSION = 1.0;
				PRODUCT_BUNDLE_IDENTIFIER = com.br.belledev.AppCursoTiago;
				PRODUCT_NAME = "$(TARGET_NAME)";
				SWIFT_EMIT_LOC_STRINGS = YES;
				SWIFT_VERSION = 5.0;
				TARGETED_DEVICE_FAMILY = "1,2";
			};
			name = Debug;
		};
		808B867727D9424700F6974C /* Release */ = {
			isa = XCBuildConfiguration;
			buildSettings = {
				ASSETCATALOG_COMPILER_APPICON_NAME = AppIcon;
				ASSETCATALOG_COMPILER_GLOBAL_ACCENT_COLOR_NAME = AccentColor;
				CODE_SIGN_STYLE = Automatic;
				CURRENT_PROJECT_VERSION = 1;
				DEVELOPMENT_ASSET_PATHS = "\"AppCursoTiago/Preview Content\"";
				ENABLE_PREVIEWS = YES;
				GENERATE_INFOPLIST_FILE = YES;
				INFOPLIST_KEY_UIApplicationSceneManifest_Generation = YES;
				INFOPLIST_KEY_UIApplicationSupportsIndirectInputEvents = YES;
				INFOPLIST_KEY_UILaunchScreen_Generation = YES;
				INFOPLIST_KEY_UISupportedInterfaceOrientations_iPad = "UIInterfaceOrientationPortrait UIInterfaceOrientationPortraitUpsideDown UIInterfaceOrientationLandscapeLeft UIInterfaceOrientationLandscapeRight";
				INFOPLIST_KEY_UISupportedInterfaceOrientations_iPhone = "UIInterfaceOrientationPortrait UIInterfaceOrientationLandscapeLeft UIInterfaceOrientationLandscapeRight";
				LD_RUNPATH_SEARCH_PATHS = (
					"$(inherited)",
					"@executable_path/Frameworks",
				);
				MARKETING_VERSION = 1.0;
				PRODUCT_BUNDLE_IDENTIFIER = com.br.belledev.AppCursoTiago;
				PRODUCT_NAME = "$(TARGET_NAME)";
				SWIFT_EMIT_LOC_STRINGS = YES;
				SWIFT_VERSION = 5.0;
				TARGETED_DEVICE_FAMILY = "1,2";
			};
			name = Release;
		};
/* End XCBuildConfiguration section */

/* Begin XCConfigurationList section */
		808B866227D9424200F6974C /* Build configuration list for PBXProject "AppCursoTiago" */ = {
			isa = XCConfigurationList;
			buildConfigurations = (
				808B867327D9424700F6974C /* Debug */,
				808B867427D9424700F6974C /* Release */,
			);
			defaultConfigurationIsVisible = 0;
			defaultConfigurationName = Release;
		};
		808B867527D9424700F6974C /* Build configuration list for PBXNativeTarget "AppCursoTiago" */ = {
			isa = XCConfigurationList;
			buildConfigurations = (
				808B867627D9424700F6974C /* Debug */,
				808B867727D9424700F6974C /* Release */,
			);
			defaultConfigurationIsVisible = 0;
			defaultConfigurationName = Release;
		};
/* End XCConfigurationList section */
	};
	rootObject = 808B865F27D9424200F6974C /* Project object */;
}
